// !$*UTF8*$!
{
	archiveVersion = 1;
	classes = {
	};
	objectVersion = 46;
	objects = {

/* Begin PBXBuildFile section */
		8D0458E21BD0FCEF007686B8 /* AppDelegate.swift in Sources */ = {isa = PBXBuildFile; fileRef = 8D0458E11BD0FCEF007686B8 /* AppDelegate.swift */; };
		8D0458E41BD0FCEF007686B8 /* MasterViewController.swift in Sources */ = {isa = PBXBuildFile; fileRef = 8D0458E31BD0FCEF007686B8 /* MasterViewController.swift */; };
		8D0458E61BD0FCEF007686B8 /* DetailViewController.swift in Sources */ = {isa = PBXBuildFile; fileRef = 8D0458E51BD0FCEF007686B8 /* DetailViewController.swift */; };
		8D0458E91BD0FCEF007686B8 /* Main.storyboard in Resources */ = {isa = PBXBuildFile; fileRef = 8D0458E71BD0FCEF007686B8 /* Main.storyboard */; };
		8D0458EB1BD0FCEF007686B8 /* Assets.xcassets in Resources */ = {isa = PBXBuildFile; fileRef = 8D0458EA1BD0FCEF007686B8 /* Assets.xcassets */; };
		8D0458EE1BD0FCEF007686B8 /* LaunchScreen.storyboard in Resources */ = {isa = PBXBuildFile; fileRef = 8D0458EC1BD0FCEF007686B8 /* LaunchScreen.storyboard */; };
		8D0458F91BD0FCEF007686B8 /* TinyPixTests.swift in Sources */ = {isa = PBXBuildFile; fileRef = 8D0458F81BD0FCEF007686B8 /* TinyPixTests.swift */; };
		8D0459041BD0FCEF007686B8 /* TinyPixUITests.swift in Sources */ = {isa = PBXBuildFile; fileRef = 8D0459031BD0FCEF007686B8 /* TinyPixUITests.swift */; };
/* End PBXBuildFile section */

/* Begin PBXContainerItemProxy section */
		8D0458F51BD0FCEF007686B8 /* PBXContainerItemProxy */ = {
			isa = PBXContainerItemProxy;
			containerPortal = 8D0458D61BD0FCEF007686B8 /* Project object */;
			proxyType = 1;
			remoteGlobalIDString = 8D0458DD1BD0FCEF007686B8;
			remoteInfo = TinyPix;
		};
		8D0459001BD0FCEF007686B8 /* PBXContainerItemProxy */ = {
			isa = PBXContainerItemProxy;
			containerPortal = 8D0458D61BD0FCEF007686B8 /* Project object */;
			proxyType = 1;
			remoteGlobalIDString = 8D0458DD1BD0FCEF007686B8;
			remoteInfo = TinyPix;
		};
/* End PBXContainerItemProxy section */

/* Begin PBXFileReference section */
		8D0458DE1BD0FCEF007686B8 /* TinyPix.app */ = {isa = PBXFileReference; explicitFileType = wrapper.application; includeInIndex = 0; path = TinyPix.app; sourceTree = BUILT_PRODUCTS_DIR; };
		8D0458E11BD0FCEF007686B8 /* AppDelegate.swift */ = {isa = PBXFileReference; lastKnownFileType = sourcecode.swift; path = AppDelegate.swift; sourceTree = "<group>"; };
		8D0458E31BD0FCEF007686B8 /* MasterViewController.swift */ = {isa = PBXFileReference; lastKnownFileType = sourcecode.swift; path = MasterViewController.swift; sourceTree = "<group>"; };
		8D0458E51BD0FCEF007686B8 /* DetailViewController.swift */ = {isa = PBXFileReference; lastKnownFileType = sourcecode.swift; path = DetailViewController.swift; sourceTree = "<group>"; };
		8D0458E81BD0FCEF007686B8 /* Base */ = {isa = PBXFileReference; lastKnownFileType = file.storyboard; name = Base; path = Base.lproj/Main.storyboard; sourceTree = "<group>"; };
		8D0458EA1BD0FCEF007686B8 /* Assets.xcassets */ = {isa = PBXFileReference; lastKnownFileType = folder.assetcatalog; path = Assets.xcassets; sourceTree = "<group>"; };
		8D0458ED1BD0FCEF007686B8 /* Base */ = {isa = PBXFileReference; lastKnownFileType = file.storyboard; name = Base; path = Base.lproj/LaunchScreen.storyboard; sourceTree = "<group>"; };
		8D0458EF1BD0FCEF007686B8 /* Info.plist */ = {isa = PBXFileReference; lastKnownFileType = text.plist.xml; path = Info.plist; sourceTree = "<group>"; };
		8D0458F41BD0FCEF007686B8 /* TinyPixTests.xctest */ = {isa = PBXFileReference; explicitFileType = wrapper.cfbundle; includeInIndex = 0; path = TinyPixTests.xctest; sourceTree = BUILT_PRODUCTS_DIR; };
		8D0458F81BD0FCEF007686B8 /* TinyPixTests.swift */ = {isa = PBXFileReference; lastKnownFileType = sourcecode.swift; path = TinyPixTests.swift; sourceTree = "<group>"; };
		8D0458FA1BD0FCEF007686B8 /* Info.plist */ = {isa = PBXFileReference; lastKnownFileType = text.plist.xml; path = Info.plist; sourceTree = "<group>"; };
		8D0458FF1BD0FCEF007686B8 /* TinyPixUITests.xctest */ = {isa = PBXFileReference; explicitFileType = wrapper.cfbundle; includeInIndex = 0; path = TinyPixUITests.xctest; sourceTree = BUILT_PRODUCTS_DIR; };
		8D0459031BD0FCEF007686B8 /* TinyPixUITests.swift */ = {isa = PBXFileReference; lastKnownFileType = sourcecode.swift; path = TinyPixUITests.swift; sourceTree = "<group>"; };
		8D0459051BD0FCEF007686B8 /* Info.plist */ = {isa = PBXFileReference; lastKnownFileType = text.plist.xml; path = Info.plist; sourceTree = "<group>"; };
/* End PBXFileReference section */

/* Begin PBXFrameworksBuildPhase section */
		8D0458DB1BD0FCEF007686B8 /* Frameworks */ = {
			isa = PBXFrameworksBuildPhase;
			buildActionMask = 2147483647;
			files = (
			);
			runOnlyForDeploymentPostprocessing = 0;
		};
		8D0458F11BD0FCEF007686B8 /* Frameworks */ = {
			isa = PBXFrameworksBuildPhase;
			buildActionMask = 2147483647;
			files = (
			);
			runOnlyForDeploymentPostprocessing = 0;
		};
		8D0458FC1BD0FCEF007686B8 /* Frameworks */ = {
			isa = PBXFrameworksBuildPhase;
			buildActionMask = 2147483647;
			files = (
			);
			runOnlyForDeploymentPostprocessing = 0;
		};
/* End PBXFrameworksBuildPhase section */

/* Begin PBXGroup section */
		8D0458D51BD0FCEF007686B8 = {
			isa = PBXGroup;
			children = (
				8D0458E01BD0FCEF007686B8 /* TinyPix */,
				8D0458F71BD0FCEF007686B8 /* TinyPixTests */,
				8D0459021BD0FCEF007686B8 /* TinyPixUITests */,
				8D0458DF1BD0FCEF007686B8 /* Products */,
			);
			sourceTree = "<group>";
		};
		8D0458DF1BD0FCEF007686B8 /* Products */ = {
			isa = PBXGroup;
			children = (
				8D0458DE1BD0FCEF007686B8 /* TinyPix.app */,
				8D0458F41BD0FCEF007686B8 /* TinyPixTests.xctest */,
				8D0458FF1BD0FCEF007686B8 /* TinyPixUITests.xctest */,
			);
			name = Products;
			sourceTree = "<group>";
		};
		8D0458E01BD0FCEF007686B8 /* TinyPix */ = {
			isa = PBXGroup;
			children = (
				8D0458E11BD0FCEF007686B8 /* AppDelegate.swift */,
				8D0458E31BD0FCEF007686B8 /* MasterViewController.swift */,
				8D0458E51BD0FCEF007686B8 /* DetailViewController.swift */,
				8D0458E71BD0FCEF007686B8 /* Main.storyboard */,
				8D0458EA1BD0FCEF007686B8 /* Assets.xcassets */,
				8D0458EC1BD0FCEF007686B8 /* LaunchScreen.storyboard */,
				8D0458EF1BD0FCEF007686B8 /* Info.plist */,
			);
			path = TinyPix;
			sourceTree = "<group>";
		};
		8D0458F71BD0FCEF007686B8 /* TinyPixTests */ = {
			isa = PBXGroup;
			children = (
				8D0458F81BD0FCEF007686B8 /* TinyPixTests.swift */,
				8D0458FA1BD0FCEF007686B8 /* Info.plist */,
			);
			path = TinyPixTests;
			sourceTree = "<group>";
		};
		8D0459021BD0FCEF007686B8 /* TinyPixUITests */ = {
			isa = PBXGroup;
			children = (
				8D0459031BD0FCEF007686B8 /* TinyPixUITests.swift */,
				8D0459051BD0FCEF007686B8 /* Info.plist */,
			);
			path = TinyPixUITests;
			sourceTree = "<group>";
		};
/* End PBXGroup section */

/* Begin PBXNativeTarget section */
		8D0458DD1BD0FCEF007686B8 /* TinyPix */ = {
			isa = PBXNativeTarget;
			buildConfigurationList = 8D0459081BD0FCEF007686B8 /* Build configuration list for PBXNativeTarget "TinyPix" */;
			buildPhases = (
				8D0458DA1BD0FCEF007686B8 /* Sources */,
				8D0458DB1BD0FCEF007686B8 /* Frameworks */,
				8D0458DC1BD0FCEF007686B8 /* Resources */,
			);
			buildRules = (
			);
			dependencies = (
			);
			name = TinyPix;
			productName = TinyPix;
			productReference = 8D0458DE1BD0FCEF007686B8 /* TinyPix.app */;
			productType = "com.apple.product-type.application";
		};
		8D0458F31BD0FCEF007686B8 /* TinyPixTests */ = {
			isa = PBXNativeTarget;
			buildConfigurationList = 8D04590B1BD0FCEF007686B8 /* Build configuration list for PBXNativeTarget "TinyPixTests" */;
			buildPhases = (
				8D0458F01BD0FCEF007686B8 /* Sources */,
				8D0458F11BD0FCEF007686B8 /* Frameworks */,
				8D0458F21BD0FCEF007686B8 /* Resources */,
			);
			buildRules = (
			);
			dependencies = (
				8D0458F61BD0FCEF007686B8 /* PBXTargetDependency */,
			);
			name = TinyPixTests;
			productName = TinyPixTests;
			productReference = 8D0458F41BD0FCEF007686B8 /* TinyPixTests.xctest */;
			productType = "com.apple.product-type.bundle.unit-test";
		};
		8D0458FE1BD0FCEF007686B8 /* TinyPixUITests */ = {
			isa = PBXNativeTarget;
			buildConfigurationList = 8D04590E1BD0FCEF007686B8 /* Build configuration list for PBXNativeTarget "TinyPixUITests" */;
			buildPhases = (
				8D0458FB1BD0FCEF007686B8 /* Sources */,
				8D0458FC1BD0FCEF007686B8 /* Frameworks */,
				8D0458FD1BD0FCEF007686B8 /* Resources */,
			);
			buildRules = (
			);
			dependencies = (
				8D0459011BD0FCEF007686B8 /* PBXTargetDependency */,
			);
			name = TinyPixUITests;
			productName = TinyPixUITests;
			productReference = 8D0458FF1BD0FCEF007686B8 /* TinyPixUITests.xctest */;
			productType = "com.apple.product-type.bundle.ui-testing";
		};
/* End PBXNativeTarget section */

/* Begin PBXProject section */
		8D0458D61BD0FCEF007686B8 /* Project object */ = {
			isa = PBXProject;
			attributes = {
				LastUpgradeCheck = 0700;
				ORGANIZATIONNAME = "LAURA LUCRECIA SANCHEZ PADILLA";
				TargetAttributes = {
					8D0458DD1BD0FCEF007686B8 = {
						CreatedOnToolsVersion = 7.0.1;
					};
					8D0458F31BD0FCEF007686B8 = {
						CreatedOnToolsVersion = 7.0.1;
						TestTargetID = 8D0458DD1BD0FCEF007686B8;
					};
					8D0458FE1BD0FCEF007686B8 = {
						CreatedOnToolsVersion = 7.0.1;
						TestTargetID = 8D0458DD1BD0FCEF007686B8;
					};
				};
			};
			buildConfigurationList = 8D0458D91BD0FCEF007686B8 /* Build configuration list for PBXProject "TinyPix" */;
			compatibilityVersion = "Xcode 3.2";
			developmentRegion = English;
			hasScannedForEncodings = 0;
			knownRegions = (
				en,
				Base,
			);
			mainGroup = 8D0458D51BD0FCEF007686B8;
			productRefGroup = 8D0458DF1BD0FCEF007686B8 /* Products */;
			projectDirPath = "";
			projectRoot = "";
			targets = (
				8D0458DD1BD0FCEF007686B8 /* TinyPix */,
				8D0458F31BD0FCEF007686B8 /* TinyPixTests */,
				8D0458FE1BD0FCEF007686B8 /* TinyPixUITests */,
			);
		};
/* End PBXProject section */

/* Begin PBXResourcesBuildPhase section */
		8D0458DC1BD0FCEF007686B8 /* Resources */ = {
			isa = PBXResourcesBuildPhase;
			buildActionMask = 2147483647;
			files = (
				8D0458EE1BD0FCEF007686B8 /* LaunchScreen.storyboard in Resources */,
				8D0458EB1BD0FCEF007686B8 /* Assets.xcassets in Resources */,
				8D0458E91BD0FCEF007686B8 /* Main.storyboard in Resources */,
			);
			runOnlyForDeploymentPostprocessing = 0;
		};
		8D0458F21BD0FCEF007686B8 /* Resources */ = {
			isa = PBXResourcesBuildPhase;
			buildActionMask = 2147483647;
			files = (
			);
			runOnlyForDeploymentPostprocessing = 0;
		};
		8D0458FD1BD0FCEF007686B8 /* Resources */ = {
			isa = PBXResourcesBuildPhase;
			buildActionMask = 2147483647;
			files = (
			);
			runOnlyForDeploymentPostprocessing = 0;
		};
/* End PBXResourcesBuildPhase section */

/* Begin PBXSourcesBuildPhase section */
		8D0458DA1BD0FCEF007686B8 /* Sources */ = {
			isa = PBXSourcesBuildPhase;
			buildActionMask = 2147483647;
			files = (
				8D0458E61BD0FCEF007686B8 /* DetailViewController.swift in Sources */,
				8D0458E41BD0FCEF007686B8 /* MasterViewController.swift in Sources */,
				8D0458E21BD0FCEF007686B8 /* AppDelegate.swift in Sources */,
			);
			runOnlyForDeploymentPostprocessing = 0;
		};
		8D0458F01BD0FCEF007686B8 /* Sources */ = {
			isa = PBXSourcesBuildPhase;
			buildActionMask = 2147483647;
			files = (
				8D0458F91BD0FCEF007686B8 /* TinyPixTests.swift in Sources */,
			);
			runOnlyForDeploymentPostprocessing = 0;
		};
		8D0458FB1BD0FCEF007686B8 /* Sources */ = {
			isa = PBXSourcesBuildPhase;
			buildActionMask = 2147483647;
			files = (
				8D0459041BD0FCEF007686B8 /* TinyPixUITests.swift in Sources */,
			);
			runOnlyForDeploymentPostprocessing = 0;
		};
/* End PBXSourcesBuildPhase section */

/* Begin PBXTargetDependency section */
		8D0458F61BD0FCEF007686B8 /* PBXTargetDependency */ = {
			isa = PBXTargetDependency;
			target = 8D0458DD1BD0FCEF007686B8 /* TinyPix */;
			targetProxy = 8D0458F51BD0FCEF007686B8 /* PBXContainerItemProxy */;
		};
		8D0459011BD0FCEF007686B8 /* PBXTargetDependency */ = {
			isa = PBXTargetDependency;
			target = 8D0458DD1BD0FCEF007686B8 /* TinyPix */;
			targetProxy = 8D0459001BD0FCEF007686B8 /* PBXContainerItemProxy */;
		};
/* End PBXTargetDependency section */

/* Begin PBXVariantGroup section */
		8D0458E71BD0FCEF007686B8 /* Main.storyboard */ = {
			isa = PBXVariantGroup;
			children = (
				8D0458E81BD0FCEF007686B8 /* Base */,
			);
			name = Main.storyboard;
			sourceTree = "<group>";
		};
		8D0458EC1BD0FCEF007686B8 /* LaunchScreen.storyboard */ = {
			isa = PBXVariantGroup;
			children = (
				8D0458ED1BD0FCEF007686B8 /* Base */,
			);
			name = LaunchScreen.storyboard;
			sourceTree = "<group>";
		};
/* End PBXVariantGroup section */

/* Begin XCBuildConfiguration section */
		8D0459061BD0FCEF007686B8 /* Debug */ = {
			isa = XCBuildConfiguration;
			buildSettings = {
				ALWAYS_SEARCH_USER_PATHS = NO;
				CLANG_CXX_LANGUAGE_STANDARD = "gnu++0x";
				CLANG_CXX_LIBRARY = "libc++";
				CLANG_ENABLE_MODULES = YES;
				CLANG_ENABLE_OBJC_ARC = YES;
				CLANG_WARN_BOOL_CONVERSION = YES;
				CLANG_WARN_CONSTANT_CONVERSION = YES;
				CLANG_WARN_DIRECT_OBJC_ISA_USAGE = YES_ERROR;
				CLANG_WARN_EMPTY_BODY = YES;
				CLANG_WARN_ENUM_CONVERSION = YES;
				CLANG_WARN_INT_CONVERSION = YES;
				CLANG_WARN_OBJC_ROOT_CLASS = YES_ERROR;
				CLANG_WARN_UNREACHABLE_CODE = YES;
				CLANG_WARN__DUPLICATE_METHOD_MATCH = YES;
				"CODE_SIGN_IDENTITY[sdk=iphoneos*]" = "iPhone Developer";
				COPY_PHASE_STRIP = NO;
				DEBUG_INFORMATION_FORMAT = dwarf;
				ENABLE_STRICT_OBJC_MSGSEND = YES;
				ENABLE_TESTABILITY = YES;
				GCC_C_LANGUAGE_STANDARD = gnu99;
				GCC_DYNAMIC_NO_PIC = NO;
				GCC_NO_COMMON_BLOCKS = YES;
				GCC_OPTIMIZATION_LEVEL = 0;
				GCC_PREPROCESSOR_DEFINITIONS = (
					"DEBUG=1",
					"$(inherited)",
				);
				GCC_WARN_64_TO_32_BIT_CONVERSION = YES;
				GCC_WARN_ABOUT_RETURN_TYPE = YES_ERROR;
				GCC_WARN_UNDECLARED_SELECTOR = YES;
				GCC_WARN_UNINITIALIZED_AUTOS = YES_AGGRESSIVE;
				GCC_WARN_UNUSED_FUNCTION = YES;
				GCC_WARN_UNUSED_VARIABLE = YES;
				IPHONEOS_DEPLOYMENT_TARGET = 9.0;
				MTL_ENABLE_DEBUG_INFO = YES;
				ONLY_ACTIVE_ARCH = YES;
				SDKROOT = iphoneos;
				SWIFT_OPTIMIZATION_LEVEL = "-Onone";
				TARGETED_DEVICE_FAMILY = "1,2";
			};
			name = Debug;
		};
		8D0459071BD0FCEF007686B8 /* Release */ = {
			isa = XCBuildConfiguration;
			buildSettings = {
				ALWAYS_SEARCH_USER_PATHS = NO;
				CLANG_CXX_LANGUAGE_STANDARD = "gnu++0x";
				CLANG_CXX_LIBRARY = "libc++";
				CLANG_ENABLE_MODULES = YES;
				CLANG_ENABLE_OBJC_ARC = YES;
				CLANG_WARN_BOOL_CONVERSION = YES;
				CLANG_WARN_CONSTANT_CONVERSION = YES;
				CLANG_WARN_DIRECT_OBJC_ISA_USAGE = YES_ERROR;
				CLANG_WARN_EMPTY_BODY = YES;
				CLANG_WARN_ENUM_CONVERSION = YES;
				CLANG_WARN_INT_CONVERSION = YES;
				CLANG_WARN_OBJC_ROOT_CLASS = YES_ERROR;
				CLANG_WARN_UNREACHABLE_CODE = YES;
				CLANG_WARN__DUPLICATE_METHOD_MATCH = YES;
				"CODE_SIGN_IDENTITY[sdk=iphoneos*]" = "iPhone Developer";
				COPY_PHASE_STRIP = NO;
				DEBUG_INFORMATION_FORMAT = "dwarf-with-dsym";
				ENABLE_NS_ASSERTIONS = NO;
				ENABLE_STRICT_OBJC_MSGSEND = YES;
				GCC_C_LANGUAGE_STANDARD = gnu99;
				GCC_NO_COMMON_BLOCKS = YES;
				GCC_WARN_64_TO_32_BIT_CONVERSION = YES;
				GCC_WARN_ABOUT_RETURN_TYPE = YES_ERROR;
				GCC_WARN_UNDECLARED_SELECTOR = YES;
				GCC_WARN_UNINITIALIZED_AUTOS = YES_AGGRESSIVE;
				GCC_WARN_UNUSED_FUNCTION = YES;
				GCC_WARN_UNUSED_VARIABLE = YES;
				IPHONEOS_DEPLOYMENT_TARGET = 9.0;
				MTL_ENABLE_DEBUG_INFO = NO;
				SDKROOT = iphoneos;
				TARGETED_DEVICE_FAMILY = "1,2";
				VALIDATE_PRODUCT = YES;
			};
			name = Release;
		};
		8D0459091BD0FCEF007686B8 /* Debug */ = {
			isa = XCBuildConfiguration;
			buildSettings = {
				ASSETCATALOG_COMPILER_APPICON_NAME = AppIcon;
				INFOPLIST_FILE = TinyPix/Info.plist;
				LD_RUNPATH_SEARCH_PATHS = "$(inherited) @executable_path/Frameworks";
				PRODUCT_BUNDLE_IDENTIFIER = mx.itesm.ccm.TinyPix;
				PRODUCT_NAME = "$(TARGET_NAME)";
			};
			name = Debug;
		};
		8D04590A1BD0FCEF007686B8 /* Release */ = {
			isa = XCBuildConfiguration;
			buildSettings = {
				ASSETCATALOG_COMPILER_APPICON_NAME = AppIcon;
				INFOPLIST_FILE = TinyPix/Info.plist;
				LD_RUNPATH_SEARCH_PATHS = "$(inherited) @executable_path/Frameworks";
				PRODUCT_BUNDLE_IDENTIFIER = mx.itesm.ccm.TinyPix;
				PRODUCT_NAME = "$(TARGET_NAME)";
			};
			name = Release;
		};
		8D04590C1BD0FCEF007686B8 /* Debug */ = {
			isa = XCBuildConfiguration;
			buildSettings = {
				BUNDLE_LOADER = "$(TEST_HOST)";
				INFOPLIST_FILE = TinyPixTests/Info.plist;
				LD_RUNPATH_SEARCH_PATHS = "$(inherited) @executable_path/Frameworks @loader_path/Frameworks";
				PRODUCT_BUNDLE_IDENTIFIER = mx.itesm.ccm.TinyPixTests;
				PRODUCT_NAME = "$(TARGET_NAME)";
				TEST_HOST = "$(BUILT_PRODUCTS_DIR)/TinyPix.app/TinyPix";
			};
			name = Debug;
		};
		8D04590D1BD0FCEF007686B8 /* Release */ = {
			isa = XCBuildConfiguration;
			buildSettings = {
				BUNDLE_LOADER = "$(TEST_HOST)";
				INFOPLIST_FILE = TinyPixTests/Info.plist;
				LD_RUNPATH_SEARCH_PATHS = "$(inherited) @executable_path/Frameworks @loader_path/Frameworks";
				PRODUCT_BUNDLE_IDENTIFIER = mx.itesm.ccm.TinyPixTests;
				PRODUCT_NAME = "$(TARGET_NAME)";
				TEST_HOST = "$(BUILT_PRODUCTS_DIR)/TinyPix.app/TinyPix";
			};
			name = Release;
		};
		8D04590F1BD0FCEF007686B8 /* Debug */ = {
			isa = XCBuildConfiguration;
			buildSettings = {
				INFOPLIST_FILE = TinyPixUITests/Info.plist;
				LD_RUNPATH_SEARCH_PATHS = "$(inherited) @executable_path/Frameworks @loader_path/Frameworks";
				PRODUCT_BUNDLE_IDENTIFIER = mx.itesm.ccm.TinyPixUITests;
				PRODUCT_NAME = "$(TARGET_NAME)";
				TEST_TARGET_NAME = TinyPix;
				USES_XCTRUNNER = YES;
			};
			name = Debug;
		};
		8D0459101BD0FCEF007686B8 /* Release */ = {
			isa = XCBuildConfiguration;
			buildSettings = {
				INFOPLIST_FILE = TinyPixUITests/Info.plist;
				LD_RUNPATH_SEARCH_PATHS = "$(inherited) @executable_path/Frameworks @loader_path/Frameworks";
				PRODUCT_BUNDLE_IDENTIFIER = mx.itesm.ccm.TinyPixUITests;
				PRODUCT_NAME = "$(TARGET_NAME)";
				TEST_TARGET_NAME = TinyPix;
				USES_XCTRUNNER = YES;
			};
			name = Release;
		};
/* End XCBuildConfiguration section */

/* Begin XCConfigurationList section */
		8D0458D91BD0FCEF007686B8 /* Build configuration list for PBXProject "TinyPix" */ = {
			isa = XCConfigurationList;
			buildConfigurations = (
				8D0459061BD0FCEF007686B8 /* Debug */,
				8D0459071BD0FCEF007686B8 /* Release */,
			);
			defaultConfigurationIsVisible = 0;
			defaultConfigurationName = Release;
		};
		8D0459081BD0FCEF007686B8 /* Build configuration list for PBXNativeTarget "TinyPix" */ = {
			isa = XCConfigurationList;
			buildConfigurations = (
				8D0459091BD0FCEF007686B8 /* Debug */,
				8D04590A1BD0FCEF007686B8 /* Release */,
			);
			defaultConfigurationIsVisible = 0;
		};
		8D04590B1BD0FCEF007686B8 /* Build configuration list for PBXNativeTarget "TinyPixTests" */ = {
			isa = XCConfigurationList;
			buildConfigurations = (
				8D04590C1BD0FCEF007686B8 /* Debug */,
				8D04590D1BD0FCEF007686B8 /* Release */,
			);
			defaultConfigurationIsVisible = 0;
		};
		8D04590E1BD0FCEF007686B8 /* Build configuration list for PBXNativeTarget "TinyPixUITests" */ = {
			isa = XCConfigurationList;
			buildConfigurations = (
				8D04590F1BD0FCEF007686B8 /* Debug */,
				8D0459101BD0FCEF007686B8 /* Release */,
			);
			defaultConfigurationIsVisible = 0;
		};
/* End XCConfigurationList section */
	};
	rootObject = 8D0458D61BD0FCEF007686B8 /* Project object */;
}
